
Microsoft Visual Studio Solution File, Format Version 12.00
# Visual Studio 2017
Project("{FAE04EC0-301F-11D3-BF4B-00C04F79EFBC}") = "GrowMonster", "GrowMonster.csproj", "{6796002A-252A-2860-5C0A-098352A2275A}"
EndProject
Project("{FAE04EC0-301F-11D3-BF4B-00C04F79EFBC}") = "GrowMonster.Editor", "GrowMonster.Editor.csproj", "{EBDD7D70-4C41-287B-F546-A2D2ACA06B23}"
EndProject
Global
	GlobalSection(SolutionConfigurationPlatforms) = preSolution
		Debug|Any CPU = Debug|Any CPU
		Release|Any CPU = Release|Any CPU
	EndGlobalSection
	GlobalSection(ProjectConfigurationPlatforms) = postSolution
		{6796002A-252A-2860-5C0A-098352A2275A}.Debug|Any CPU.ActiveCfg = Debug|Any CPU
		{6796002A-252A-2860-5C0A-098352A2275A}.Debug|Any CPU.Build.0 = Debug|Any CPU
		{6796002A-252A-2860-5C0A-098352A2275A}.Release|Any CPU.ActiveCfg = Release|Any CPU
		{6796002A-252A-2860-5C0A-098352A2275A}.Release|Any CPU.Build.0 = Release|Any CPU
		{EBDD7D70-4C41-287B-F546-A2D2ACA06B23}.Debug|Any CPU.ActiveCfg = Debug|Any CPU
		{EBDD7D70-4C41-287B-F546-A2D2ACA06B23}.Debug|Any CPU.Build.0 = Debug|Any CPU
		{EBDD7D70-4C41-287B-F546-A2D2ACA06B23}.Release|Any CPU.ActiveCfg = Release|Any CPU
		{EBDD7D70-4C41-287B-F546-A2D2ACA06B23}.Release|Any CPU.Build.0 = Release|Any CPU
	EndGlobalSection
	GlobalSection(SolutionProperties) = preSolution
		HideSolutionNode = FALSE
	EndGlobalSection
EndGlobal
